Microsoft Visual Studio Solution File, Format Version 8.00
Project("{8BC9CEB8-8B4A-11D0-8D11-00A0C91BC942}") = "nekovm", "vm\nekovm.vcproj", "{C9796A2F-49BA-4EE2-A28A-2707C5151D0E}"
	ProjectSection(ProjectDependencies) = postProject
		{FEBA0CA8-4D9C-49C3-B3CC-1A7CFF9BB8B3} = {FEBA0CA8-4D9C-49C3-B3CC-1A7CFF9BB8B3}
	EndProjectSection
EndProject
Project("{8BC9CEB8-8B4A-11D0-8D11-00A0C91BC942}") = "nekovm_dll", "vm\nekovm_dll.vcproj", "{FEBA0CA8-4D9C-49C3-B3CC-1A7CFF9BB8B3}"
	ProjectSection(ProjectDependencies) = postProject
	EndProjectSection
EndProject
Project("{8BC9CEB8-8B4A-11D0-8D11-00A0C91BC942}") = "neko", "src\neko.vcproj", "{4C13C941-4D12-4904-BDA2-A2DF8AF4F31A}"
	ProjectSection(ProjectDependencies) = postProject
	EndProjectSection
EndProject
Project("{8BC9CEB8-8B4A-11D0-8D11-00A0C91BC942}") = "nekoml", "src\nekoml.vcproj", "{4662A8A2-AE65-465A-B97B-7F1269433BD5}"
	ProjectSection(ProjectDependencies) = postProject
	EndProjectSection
EndProject
Global
	GlobalSection(SolutionConfiguration) = preSolution
		Debug = Debug
		Release = Release
	EndGlobalSection
	GlobalSection(ProjectConfiguration) = postSolution
		{C9796A2F-49BA-4EE2-A28A-2707C5151D0E}.Debug.ActiveCfg = Debug|Win32
		{C9796A2F-49BA-4EE2-A28A-2707C5151D0E}.Debug.Build.0 = Debug|Win32
		{C9796A2F-49BA-4EE2-A28A-2707C5151D0E}.Release.ActiveCfg = Release|Win32
		{C9796A2F-49BA-4EE2-A28A-2707C5151D0E}.Release.Build.0 = Release|Win32
		{FEBA0CA8-4D9C-49C3-B3CC-1A7CFF9BB8B3}.Debug.ActiveCfg = Debug|Win32
		{FEBA0CA8-4D9C-49C3-B3CC-1A7CFF9BB8B3}.Debug.Build.0 = Debug|Win32
		{FEBA0CA8-4D9C-49C3-B3CC-1A7CFF9BB8B3}.Release.ActiveCfg = Release|Win32
		{FEBA0CA8-4D9C-49C3-B3CC-1A7CFF9BB8B3}.Release.Build.0 = Release|Win32
		{4C13C941-4D12-4904-BDA2-A2DF8AF4F31A}.Debug.ActiveCfg = Debug|Win32
		{4C13C941-4D12-4904-BDA2-A2DF8AF4F31A}.Debug.Build.0 = Debug|Win32
		{4C13C941-4D12-4904-BDA2-A2DF8AF4F31A}.Release.ActiveCfg = Release|Win32
		{4C13C941-4D12-4904-BDA2-A2DF8AF4F31A}.Release.Build.0 = Release|Win32
		{4662A8A2-AE65-465A-B97B-7F1269433BD5}.Debug.ActiveCfg = Debug|Win32
		{4662A8A2-AE65-465A-B97B-7F1269433BD5}.Debug.Build.0 = Debug|Win32
		{4662A8A2-AE65-465A-B97B-7F1269433BD5}.Release.ActiveCfg = Release|Win32
		{4662A8A2-AE65-465A-B97B-7F1269433BD5}.Release.Build.0 = Release|Win32
	EndGlobalSection
	GlobalSection(ExtensibilityGlobals) = postSolution
	EndGlobalSection
	GlobalSection(ExtensibilityAddIns) = postSolution
	EndGlobalSection
EndGlobal
