Microsoft Visual Studio Solution File, Format Version 8.00
Project("{8BC9CEB8-8B4A-11D0-8D11-00A0C91BC942}") = "interp", "interp\interp.vcproj", "{B343327B-BAF9-4E9C-AA5B-B64F9A80A96D}"
	ProjectSection(ProjectDependencies) = postProject
	EndProjectSection
EndProject
Global
	GlobalSection(SolutionConfiguration) = preSolution
		Debug = Debug
		Release = Release
	EndGlobalSection
	GlobalSection(ProjectConfiguration) = postSolution
		{B343327B-BAF9-4E9C-AA5B-B64F9A80A96D}.Debug.ActiveCfg = Debug|Win32
		{B343327B-BAF9-4E9C-AA5B-B64F9A80A96D}.Debug.Build.0 = Debug|Win32
		{B343327B-BAF9-4E9C-AA5B-B64F9A80A96D}.Release.ActiveCfg = Release|Win32
		{B343327B-BAF9-4E9C-AA5B-B64F9A80A96D}.Release.Build.0 = Release|Win32
	EndGlobalSection
	GlobalSection(ExtensibilityGlobals) = postSolution
	EndGlobalSection
	GlobalSection(ExtensibilityAddIns) = postSolution
	EndGlobalSection
EndGlobal
