Microsoft Visual Studio Solution File, Format Version 8.00
Project("{8BC9CEB8-8B4A-11D0-8D11-00A0C91BC942}") = "mod_neko", "mod_neko\mod_neko.vcproj", "{BC400EC9-8F65-4E34-85DC-687D5272B049}"
	ProjectSection(ProjectDependencies) = postProject
	EndProjectSection
EndProject
Project("{8BC9CEB8-8B4A-11D0-8D11-00A0C91BC942}") = "mysql", "mysql\mysql.vcproj", "{159607BD-674F-44DA-9290-CF923B2703CC}"
	ProjectSection(ProjectDependencies) = postProject
	EndProjectSection
EndProject
Project("{8BC9CEB8-8B4A-11D0-8D11-00A0C91BC942}") = "regexp", "regexp\regexp.vcproj", "{145AAFB0-C897-4F74-A330-314F5727C5D4}"
	ProjectSection(ProjectDependencies) = postProject
	EndProjectSection
EndProject
Project("{8BC9CEB8-8B4A-11D0-8D11-00A0C91BC942}") = "std", "std\std.vcproj", "{32AA6F03-939E-469B-8E85-A0CCE55464AD}"
	ProjectSection(ProjectDependencies) = postProject
	EndProjectSection
EndProject
Project("{8BC9CEB8-8B4A-11D0-8D11-00A0C91BC942}") = "zlib", "zlib\zlib.vcproj", "{55ECFCE6-00FB-44F0-B477-E8507423930D}"
	ProjectSection(ProjectDependencies) = postProject
	EndProjectSection
EndProject
Project("{8BC9CEB8-8B4A-11D0-8D11-00A0C91BC942}") = "mod_neko2", "mod_neko\mod_neko2.vcproj", "{311DC43B-AABB-4796-883C-F2482165F8C4}"
	ProjectSection(ProjectDependencies) = postProject
	EndProjectSection
EndProject
Project("{8BC9CEB8-8B4A-11D0-8D11-00A0C91BC942}") = "sqlite", "sqlite\sqlite.vcproj", "{159607BD-674F-44DA-9290-CF923B2703CC}"
	ProjectSection(ProjectDependencies) = postProject
	EndProjectSection
EndProject
Project("{8BC9CEB8-8B4A-11D0-8D11-00A0C91BC942}") = "mysql5", "mysql\mysql5.vcproj", "{159607BD-674F-44DA-9290-CF923B2703CC}"
	ProjectSection(ProjectDependencies) = postProject
	EndProjectSection
EndProject
Project("{8BC9CEB8-8B4A-11D0-8D11-00A0C91BC942}") = "os", "ui\ui.vcproj", "{9A36DC8A-8070-4F5D-A401-6889DD652288}"
	ProjectSection(ProjectDependencies) = postProject
	EndProjectSection
EndProject
Global
	GlobalSection(SolutionConfiguration) = preSolution
		Debug = Debug
		Release = Release
	EndGlobalSection
	GlobalSection(ProjectDependencies) = postSolution
	EndGlobalSection
	GlobalSection(ProjectConfiguration) = postSolution
		{BC400EC9-8F65-4E34-85DC-687D5272B049}.Debug.ActiveCfg = Debug|Win32
		{BC400EC9-8F65-4E34-85DC-687D5272B049}.Debug.Build.0 = Debug|Win32
		{BC400EC9-8F65-4E34-85DC-687D5272B049}.Release.ActiveCfg = Release|Win32
		{BC400EC9-8F65-4E34-85DC-687D5272B049}.Release.Build.0 = Release|Win32
		{159607BD-674F-44DA-9290-CF923B2703CC}.Debug.ActiveCfg = Debug|Win32
		{159607BD-674F-44DA-9290-CF923B2703CC}.Debug.Build.0 = Debug|Win32
		{159607BD-674F-44DA-9290-CF923B2703CC}.Release.ActiveCfg = Release|Win32
		{159607BD-674F-44DA-9290-CF923B2703CC}.Release.Build.0 = Release|Win32
		{145AAFB0-C897-4F74-A330-314F5727C5D4}.Debug.ActiveCfg = Debug|Win32
		{145AAFB0-C897-4F74-A330-314F5727C5D4}.Debug.Build.0 = Debug|Win32
		{145AAFB0-C897-4F74-A330-314F5727C5D4}.Release.ActiveCfg = Release|Win32
		{145AAFB0-C897-4F74-A330-314F5727C5D4}.Release.Build.0 = Release|Win32
		{32AA6F03-939E-469B-8E85-A0CCE55464AD}.Debug.ActiveCfg = Debug|Win32
		{32AA6F03-939E-469B-8E85-A0CCE55464AD}.Debug.Build.0 = Debug|Win32
		{32AA6F03-939E-469B-8E85-A0CCE55464AD}.Release.ActiveCfg = Release|Win32
		{32AA6F03-939E-469B-8E85-A0CCE55464AD}.Release.Build.0 = Release|Win32
		{55ECFCE6-00FB-44F0-B477-E8507423930D}.Debug.ActiveCfg = Debug|Win32
		{55ECFCE6-00FB-44F0-B477-E8507423930D}.Debug.Build.0 = Debug|Win32
		{55ECFCE6-00FB-44F0-B477-E8507423930D}.Release.ActiveCfg = Release|Win32
		{55ECFCE6-00FB-44F0-B477-E8507423930D}.Release.Build.0 = Release|Win32
		{311DC43B-AABB-4796-883C-F2482165F8C4}.Debug.ActiveCfg = Debug|Win32
		{311DC43B-AABB-4796-883C-F2482165F8C4}.Debug.Build.0 = Debug|Win32
		{311DC43B-AABB-4796-883C-F2482165F8C4}.Release.ActiveCfg = Release|Win32
		{311DC43B-AABB-4796-883C-F2482165F8C4}.Release.Build.0 = Release|Win32
		{159607BD-674F-44DA-9290-CF923B2703CC}.Debug.ActiveCfg = Debug|Win32
		{159607BD-674F-44DA-9290-CF923B2703CC}.Debug.Build.0 = Debug|Win32
		{159607BD-674F-44DA-9290-CF923B2703CC}.Release.ActiveCfg = Release|Win32
		{159607BD-674F-44DA-9290-CF923B2703CC}.Release.Build.0 = Release|Win32
		{159607BD-674F-44DA-9290-CF923B2703CC}.Debug.ActiveCfg = Debug|Win32
		{159607BD-674F-44DA-9290-CF923B2703CC}.Debug.Build.0 = Debug|Win32
		{159607BD-674F-44DA-9290-CF923B2703CC}.Release.ActiveCfg = Release|Win32
		{159607BD-674F-44DA-9290-CF923B2703CC}.Release.Build.0 = Release|Win32
		{9A36DC8A-8070-4F5D-A401-6889DD652288}.Debug.ActiveCfg = Debug|Win32
		{9A36DC8A-8070-4F5D-A401-6889DD652288}.Debug.Build.0 = Debug|Win32
		{9A36DC8A-8070-4F5D-A401-6889DD652288}.Release.ActiveCfg = Release|Win32
		{9A36DC8A-8070-4F5D-A401-6889DD652288}.Release.Build.0 = Release|Win32
	EndGlobalSection
	GlobalSection(ExtensibilityGlobals) = postSolution
	EndGlobalSection
	GlobalSection(ExtensibilityAddIns) = postSolution
	EndGlobalSection
EndGlobal
